
Microsoft Visual Studio Solution File, Format Version 12.00
# Visual Studio 2012
Project("{FAE04EC0-301F-11D3-BF4B-00C04F79EFBC}") = "Tests", "Tests.csproj", "{81B852D1-9433-4F58-85B4-1540B398B0AE}"
EndProject
Global
	GlobalSection(SolutionConfigurationPlatforms) = preSolution
		Debug|Any CPU = Debug|Any CPU
		Release|Any CPU = Release|Any CPU
	EndGlobalSection
	GlobalSection(ProjectConfigurationPlatforms) = postSolution
		{81B852D1-9433-4F58-85B4-1540B398B0AE}.Debug|Any CPU.ActiveCfg = Debug|Any CPU
		{81B852D1-9433-4F58-85B4-1540B398B0AE}.Debug|Any CPU.Build.0 = Debug|Any CPU
		{81B852D1-9433-4F58-85B4-1540B398B0AE}.Release|Any CPU.ActiveCfg = Release|Any CPU
		{81B852D1-9433-4F58-85B4-1540B398B0AE}.Release|Any CPU.Build.0 = Release|Any CPU
	EndGlobalSection
EndGlobal
